Microsoft Visual Studio Solution File, Format Version 11.00
# Visual Studio 2010
Project("{FAE04EC0-301F-11D3-BF4B-00C04F79EFBC}") = "Assembly-CSharp-firstpass", "Assembly-CSharp-firstpass.csproj", "{0AB8F67B-9B97-33CB-7E77-151E06E4BBEA}"
EndProject
Project("{FAE04EC0-301F-11D3-BF4B-00C04F79EFBC}") = "Assembly-CSharp", "Assembly-CSharp.csproj", "{741A3B92-0045-8AD7-DB25-18E70A39E915}"
EndProject
Project("{FAE04EC0-301F-11D3-BF4B-00C04F79EFBC}") = "Assembly-CSharp-Editor-firstpass", "Assembly-CSharp-Editor-firstpass.csproj", "{C4061DCF-5167-FA72-2166-5E9E6890FE38}"
EndProject
Global
	GlobalSection(SolutionConfigurationPlatforms) = preSolution
		Debug|Any CPU = Debug|Any CPU
		Release|Any CPU = Release|Any CPU
	EndGlobalSection
	GlobalSection(ProjectConfigurationPlatforms) = postSolution
		{0AB8F67B-9B97-33CB-7E77-151E06E4BBEA}.Debug|Any CPU.ActiveCfg = Debug|Any CPU
		{0AB8F67B-9B97-33CB-7E77-151E06E4BBEA}.Debug|Any CPU.Build.0 = Debug|Any CPU
		{0AB8F67B-9B97-33CB-7E77-151E06E4BBEA}.Release|Any CPU.ActiveCfg = Release|Any CPU
		{0AB8F67B-9B97-33CB-7E77-151E06E4BBEA}.Release|Any CPU.Build.0 = Release|Any CPU
		{741A3B92-0045-8AD7-DB25-18E70A39E915}.Debug|Any CPU.ActiveCfg = Debug|Any CPU
		{741A3B92-0045-8AD7-DB25-18E70A39E915}.Debug|Any CPU.Build.0 = Debug|Any CPU
		{741A3B92-0045-8AD7-DB25-18E70A39E915}.Release|Any CPU.ActiveCfg = Release|Any CPU
		{741A3B92-0045-8AD7-DB25-18E70A39E915}.Release|Any CPU.Build.0 = Release|Any CPU
		{C4061DCF-5167-FA72-2166-5E9E6890FE38}.Debug|Any CPU.ActiveCfg = Debug|Any CPU
		{C4061DCF-5167-FA72-2166-5E9E6890FE38}.Debug|Any CPU.Build.0 = Debug|Any CPU
		{C4061DCF-5167-FA72-2166-5E9E6890FE38}.Release|Any CPU.ActiveCfg = Release|Any CPU
		{C4061DCF-5167-FA72-2166-5E9E6890FE38}.Release|Any CPU.Build.0 = Release|Any CPU
	EndGlobalSection
	GlobalSection(SolutionProperties) = preSolution
		HideSolutionNode = FALSE
	EndGlobalSection
	GlobalSection(MonoDevelopProperties) = preSolution
		StartupItem = Assembly-CSharp.csproj
	EndGlobalSection
EndGlobal
